
Microsoft Visual Studio Solution File, Format Version 12.00
# Visual Studio Version 16
VisualStudioVersion = 16.0.31205.134
MinimumVisualStudioVersion = 10.0.40219.1
Project("{FAE04EC0-301F-11D3-BF4B-00C04F79EFBC}") = "smtpmailLab", "smtpmailLab\smtpmailLab.csproj", "{7C3A7C66-FAD9-4FCA-8DCF-40506C544675}"
EndProject
Global
	GlobalSection(SolutionConfigurationPlatforms) = preSolution
		Debug|Any CPU = Debug|Any CPU
		Release|Any CPU = Release|Any CPU
	EndGlobalSection
	GlobalSection(ProjectConfigurationPlatforms) = postSolution
		{7C3A7C66-FAD9-4FCA-8DCF-40506C544675}.Debug|Any CPU.ActiveCfg = Debug|Any CPU
		{7C3A7C66-FAD9-4FCA-8DCF-40506C544675}.Debug|Any CPU.Build.0 = Debug|Any CPU
		{7C3A7C66-FAD9-4FCA-8DCF-40506C544675}.Release|Any CPU.ActiveCfg = Release|Any CPU
		{7C3A7C66-FAD9-4FCA-8DCF-40506C544675}.Release|Any CPU.Build.0 = Release|Any CPU
	EndGlobalSection
	GlobalSection(SolutionProperties) = preSolution
		HideSolutionNode = FALSE
	EndGlobalSection
	GlobalSection(ExtensibilityGlobals) = postSolution
		SolutionGuid = {68A7C0F8-1177-4C15-A6CC-DC32C2D848BB}
	EndGlobalSection
EndGlobal
